// !$*UTF8*$!
{
	archiveVersion = 1;
	classes = {
	};
	objectVersion = 51;
	objects = {

/* Begin PBXBuildFile section */
		AF31E0A2DEC719F5967853EC /* Pods_Messenger.framework in Frameworks */ = {isa = PBXBuildFile; fileRef = 9B49E94DF2FE87730E42A549 /* Pods_Messenger.framework */; };
		B35DA8782564547400AE0DF7 /* DatabaseManager.swift in Sources */ = {isa = PBXBuildFile; fileRef = B35DA8772564547400AE0DF7 /* DatabaseManager.swift */; };
		B3769F032599E261009D779E /* ConversationTableViewCell.swift in Sources */ = {isa = PBXBuildFile; fileRef = B3769F022599E261009D779E /* ConversationTableViewCell.swift */; };
		B379A5C1257B84620072C562 /* ChatViewController.swift in Sources */ = {isa = PBXBuildFile; fileRef = B379A5C0257B84610072C562 /* ChatViewController.swift */; };
		B379A5E3257BCA440072C562 /* StorageManager.swift in Sources */ = {isa = PBXBuildFile; fileRef = B379A5E2257BCA440072C562 /* StorageManager.swift */; };
		B398ED51256062DC00903E78 /* AppDelegate.swift in Sources */ = {isa = PBXBuildFile; fileRef = B398ED50256062DC00903E78 /* AppDelegate.swift */; };
		B398ED53256062DC00903E78 /* SceneDelegate.swift in Sources */ = {isa = PBXBuildFile; fileRef = B398ED52256062DC00903E78 /* SceneDelegate.swift */; };
		B398ED55256062DC00903E78 /* ConversationsViewController.swift in Sources */ = {isa = PBXBuildFile; fileRef = B398ED54256062DC00903E78 /* ConversationsViewController.swift */; };
		B398ED58256062DC00903E78 /* Main.storyboard in Resources */ = {isa = PBXBuildFile; fileRef = B398ED56256062DC00903E78 /* Main.storyboard */; };
		B398ED5A256062DD00903E78 /* Assets.xcassets in Resources */ = {isa = PBXBuildFile; fileRef = B398ED59256062DD00903E78 /* Assets.xcassets */; };
		B398ED5D256062DD00903E78 /* LaunchScreen.storyboard in Resources */ = {isa = PBXBuildFile; fileRef = B398ED5B256062DD00903E78 /* LaunchScreen.storyboard */; };
		B398ED8D2560687F00903E78 /* LoginViewController.swift in Sources */ = {isa = PBXBuildFile; fileRef = B398ED8C2560687F00903E78 /* LoginViewController.swift */; };
		B398ED92256068AC00903E78 /* RegisterViewController.swift in Sources */ = {isa = PBXBuildFile; fileRef = B398ED91256068AB00903E78 /* RegisterViewController.swift */; };
		B398ED97256068E600903E78 /* PhotoViewerViewController.swift in Sources */ = {isa = PBXBuildFile; fileRef = B398ED96256068E600903E78 /* PhotoViewerViewController.swift */; };
		B398ED9C256068F700903E78 /* VideoPlayerViewController.swift in Sources */ = {isa = PBXBuildFile; fileRef = B398ED9B256068F700903E78 /* VideoPlayerViewController.swift */; };
		B398EDA42560697900903E78 /* NewConversationViewController.swift in Sources */ = {isa = PBXBuildFile; fileRef = B398EDA32560697900903E78 /* NewConversationViewController.swift */; };
		B398EDA92560699800903E78 /* ProfileViewController.swift in Sources */ = {isa = PBXBuildFile; fileRef = B398EDA82560699800903E78 /* ProfileViewController.swift */; };
		B398EDB225626C9700903E78 /* Extensions.swift in Sources */ = {isa = PBXBuildFile; fileRef = B398EDB125626C9700903E78 /* Extensions.swift */; };
		B398EDD32562C76500903E78 /* GoogleService-Info.plist in Resources */ = {isa = PBXBuildFile; fileRef = B398EDD22562C76500903E78 /* GoogleService-Info.plist */; };
/* End PBXBuildFile section */

/* Begin PBXFileReference section */
		9B49E94DF2FE87730E42A549 /* Pods_Messenger.framework */ = {isa = PBXFileReference; explicitFileType = wrapper.framework; includeInIndex = 0; path = Pods_Messenger.framework; sourceTree = BUILT_PRODUCTS_DIR; };
		B35DA8772564547400AE0DF7 /* DatabaseManager.swift */ = {isa = PBXFileReference; lastKnownFileType = sourcecode.swift; path = DatabaseManager.swift; sourceTree = "<group>"; };
		B3769F022599E261009D779E /* ConversationTableViewCell.swift */ = {isa = PBXFileReference; lastKnownFileType = sourcecode.swift; path = ConversationTableViewCell.swift; sourceTree = "<group>"; };
		B379A5C0257B84610072C562 /* ChatViewController.swift */ = {isa = PBXFileReference; lastKnownFileType = sourcecode.swift; path = ChatViewController.swift; sourceTree = "<group>"; };
		B379A5E2257BCA440072C562 /* StorageManager.swift */ = {isa = PBXFileReference; lastKnownFileType = sourcecode.swift; path = StorageManager.swift; sourceTree = "<group>"; };
		B398ED4D256062DC00903E78 /* Messenger.app */ = {isa = PBXFileReference; explicitFileType = wrapper.application; includeInIndex = 0; path = Messenger.app; sourceTree = BUILT_PRODUCTS_DIR; };
		B398ED50256062DC00903E78 /* AppDelegate.swift */ = {isa = PBXFileReference; lastKnownFileType = sourcecode.swift; path = AppDelegate.swift; sourceTree = "<group>"; };
		B398ED52256062DC00903E78 /* SceneDelegate.swift */ = {isa = PBXFileReference; lastKnownFileType = sourcecode.swift; path = SceneDelegate.swift; sourceTree = "<group>"; };
		B398ED54256062DC00903E78 /* ConversationsViewController.swift */ = {isa = PBXFileReference; lastKnownFileType = sourcecode.swift; path = ConversationsViewController.swift; sourceTree = "<group>"; };
		B398ED57256062DC00903E78 /* Base */ = {isa = PBXFileReference; lastKnownFileType = file.storyboard; name = Base; path = Base.lproj/Main.storyboard; sourceTree = "<group>"; };
		B398ED59256062DD00903E78 /* Assets.xcassets */ = {isa = PBXFileReference; lastKnownFileType = folder.assetcatalog; path = Assets.xcassets; sourceTree = "<group>"; };
		B398ED5C256062DD00903E78 /* Base */ = {isa = PBXFileReference; lastKnownFileType = file.storyboard; name = Base; path = Base.lproj/LaunchScreen.storyboard; sourceTree = "<group>"; };
		B398ED5E256062DD00903E78 /* Info.plist */ = {isa = PBXFileReference; lastKnownFileType = text.plist.xml; path = Info.plist; sourceTree = "<group>"; };
		B398ED8C2560687F00903E78 /* LoginViewController.swift */ = {isa = PBXFileReference; lastKnownFileType = sourcecode.swift; path = LoginViewController.swift; sourceTree = "<group>"; };
		B398ED91256068AB00903E78 /* RegisterViewController.swift */ = {isa = PBXFileReference; lastKnownFileType = sourcecode.swift; path = RegisterViewController.swift; sourceTree = "<group>"; };
		B398ED96256068E600903E78 /* PhotoViewerViewController.swift */ = {isa = PBXFileReference; lastKnownFileType = sourcecode.swift; path = PhotoViewerViewController.swift; sourceTree = "<group>"; };
		B398ED9B256068F700903E78 /* VideoPlayerViewController.swift */ = {isa = PBXFileReference; lastKnownFileType = sourcecode.swift; path = VideoPlayerViewController.swift; sourceTree = "<group>"; };
		B398EDA32560697900903E78 /* NewConversationViewController.swift */ = {isa = PBXFileReference; lastKnownFileType = sourcecode.swift; path = NewConversationViewController.swift; sourceTree = "<group>"; };
		B398EDA82560699800903E78 /* ProfileViewController.swift */ = {isa = PBXFileReference; lastKnownFileType = sourcecode.swift; path = ProfileViewController.swift; sourceTree = "<group>"; };
		B398EDB125626C9700903E78 /* Extensions.swift */ = {isa = PBXFileReference; lastKnownFileType = sourcecode.swift; path = Extensions.swift; sourceTree = "<group>"; };
		B398EDD22562C76500903E78 /* GoogleService-Info.plist */ = {isa = PBXFileReference; fileEncoding = 4; lastKnownFileType = text.plist.xml; path = "GoogleService-Info.plist"; sourceTree = "<group>"; };
		CB0E87E2F5C3533C05D3FD3D /* Pods-Messenger.debug.xcconfig */ = {isa = PBXFileReference; includeInIndex = 1; lastKnownFileType = text.xcconfig; name = "Pods-Messenger.debug.xcconfig"; path = "Target Support Files/Pods-Messenger/Pods-Messenger.debug.xcconfig"; sourceTree = "<group>"; };
		D58D1D4187E0B53356AECCFC /* Pods-Messenger.release.xcconfig */ = {isa = PBXFileReference; includeInIndex = 1; lastKnownFileType = text.xcconfig; name = "Pods-Messenger.release.xcconfig"; path = "Target Support Files/Pods-Messenger/Pods-Messenger.release.xcconfig"; sourceTree = "<group>"; };
/* End PBXFileReference section */

/* Begin PBXFrameworksBuildPhase section */
		B398ED4A256062DC00903E78 /* Frameworks */ = {
			isa = PBXFrameworksBuildPhase;
			buildActionMask = 2147483647;
			files = (
				AF31E0A2DEC719F5967853EC /* Pods_Messenger.framework in Frameworks */,
			);
			runOnlyForDeploymentPostprocessing = 0;
		};
/* End PBXFrameworksBuildPhase section */

/* Begin PBXGroup section */
		B398ED44256062DC00903E78 = {
			isa = PBXGroup;
			children = (
				B398ED4F256062DC00903E78 /* Messenger */,
				B398ED4E256062DC00903E78 /* Products */,
				E30C2BC753C8120A8B84E0E0 /* Pods */,
				D243D12635E61F4983C465CB /* Frameworks */,
			);
			sourceTree = "<group>";
		};
		B398ED4E256062DC00903E78 /* Products */ = {
			isa = PBXGroup;
			children = (
				B398ED4D256062DC00903E78 /* Messenger.app */,
			);
			name = Products;
			sourceTree = "<group>";
		};
		B398ED4F256062DC00903E78 /* Messenger */ = {
			isa = PBXGroup;
			children = (
				B398ED872560668600903E78 /* Resources */,
				B398ED862560667100903E78 /* ViewModels */,
				B398ED852560665800903E78 /* Models */,
				B398ED842560664200903E78 /* Views */,
				B398ED832560663200903E78 /* Controllers */,
				B398ED5E256062DD00903E78 /* Info.plist */,
				B398EDD22562C76500903E78 /* GoogleService-Info.plist */,
			);
			path = Messenger;
			sourceTree = "<group>";
		};
		B398ED832560663200903E78 /* Controllers */ = {
			isa = PBXGroup;
			children = (
				B398ED54256062DC00903E78 /* ConversationsViewController.swift */,
				B398EDAD25606AA300903E78 /* Login */,
				B398ED96256068E600903E78 /* PhotoViewerViewController.swift */,
				B398EDA82560699800903E78 /* ProfileViewController.swift */,
				B398ED9B256068F700903E78 /* VideoPlayerViewController.swift */,
				B398EDA32560697900903E78 /* NewConversationViewController.swift */,
				B379A5C0257B84610072C562 /* ChatViewController.swift */,
			);
			path = Controllers;
			sourceTree = "<group>";
		};
		B398ED842560664200903E78 /* Views */ = {
			isa = PBXGroup;
			children = (
				B398ED88256066F200903E78 /* Storyboards */,
				B398ED59256062DD00903E78 /* Assets.xcassets */,
				B3769F022599E261009D779E /* ConversationTableViewCell.swift */,
			);
			path = Views;
			sourceTree = "<group>";
		};
		B398ED852560665800903E78 /* Models */ = {
			isa = PBXGroup;
			children = (
			);
			path = Models;
			sourceTree = "<group>";
		};
		B398ED862560667100903E78 /* ViewModels */ = {
			isa = PBXGroup;
			children = (
			);
			path = ViewModels;
			sourceTree = "<group>";
		};
		B398ED872560668600903E78 /* Resources */ = {
			isa = PBXGroup;
			children = (
				B398ED50256062DC00903E78 /* AppDelegate.swift */,
				B35DA8772564547400AE0DF7 /* DatabaseManager.swift */,
				B379A5E2257BCA440072C562 /* StorageManager.swift */,
				B398ED52256062DC00903E78 /* SceneDelegate.swift */,
				B398EDB125626C9700903E78 /* Extensions.swift */,
			);
			path = Resources;
			sourceTree = "<group>";
		};
		B398ED88256066F200903E78 /* Storyboards */ = {
			isa = PBXGroup;
			children = (
				B398ED5B256062DD00903E78 /* LaunchScreen.storyboard */,
				B398ED56256062DC00903E78 /* Main.storyboard */,
			);
			path = Storyboards;
			sourceTree = "<group>";
		};
		B398EDAD25606AA300903E78 /* Login */ = {
			isa = PBXGroup;
			children = (
				B398ED8C2560687F00903E78 /* LoginViewController.swift */,
				B398ED91256068AB00903E78 /* RegisterViewController.swift */,
			);
			path = Login;
			sourceTree = "<group>";
		};
		D243D12635E61F4983C465CB /* Frameworks */ = {
			isa = PBXGroup;
			children = (
				9B49E94DF2FE87730E42A549 /* Pods_Messenger.framework */,
			);
			name = Frameworks;
			sourceTree = "<group>";
		};
		E30C2BC753C8120A8B84E0E0 /* Pods */ = {
			isa = PBXGroup;
			children = (
				CB0E87E2F5C3533C05D3FD3D /* Pods-Messenger.debug.xcconfig */,
				D58D1D4187E0B53356AECCFC /* Pods-Messenger.release.xcconfig */,
			);
			path = Pods;
			sourceTree = "<group>";
		};
/* End PBXGroup section */

/* Begin PBXNativeTarget section */
		B398ED4C256062DC00903E78 /* Messenger */ = {
			isa = PBXNativeTarget;
			buildConfigurationList = B398ED77256062DD00903E78 /* Build configuration list for PBXNativeTarget "Messenger" */;
			buildPhases = (
				C1A409EA8F049CB7E2AC386A /* [CP] Check Pods Manifest.lock */,
				B398ED49256062DC00903E78 /* Sources */,
				B398ED4A256062DC00903E78 /* Frameworks */,
				B398ED4B256062DC00903E78 /* Resources */,
				64D57B73EFC6370C2642E9E2 /* [CP] Embed Pods Frameworks */,
				F6EFDC5055AA3C001231EC55 /* [CP] Copy Pods Resources */,
			);
			buildRules = (
			);
			dependencies = (
			);
			name = Messenger;
			productName = Messenger;
			productReference = B398ED4D256062DC00903E78 /* Messenger.app */;
			productType = "com.apple.product-type.application";
		};
/* End PBXNativeTarget section */

/* Begin PBXProject section */
		B398ED45256062DC00903E78 /* Project object */ = {
			isa = PBXProject;
			attributes = {
				LastSwiftUpdateCheck = 1220;
				LastUpgradeCheck = 1220;
				TargetAttributes = {
					B398ED4C256062DC00903E78 = {
						CreatedOnToolsVersion = 12.2;
					};
				};
			};
			buildConfigurationList = B398ED48256062DC00903E78 /* Build configuration list for PBXProject "Messenger" */;
			compatibilityVersion = "Xcode 9.3";
			developmentRegion = en;
			hasScannedForEncodings = 0;
			knownRegions = (
				en,
				Base,
			);
			mainGroup = B398ED44256062DC00903E78;
			productRefGroup = B398ED4E256062DC00903E78 /* Products */;
			projectDirPath = "";
			projectRoot = "";
			targets = (
				B398ED4C256062DC00903E78 /* Messenger */,
			);
		};
/* End PBXProject section */

/* Begin PBXResourcesBuildPhase section */
		B398ED4B256062DC00903E78 /* Resources */ = {
			isa = PBXResourcesBuildPhase;
			buildActionMask = 2147483647;
			files = (
				B398ED5D256062DD00903E78 /* LaunchScreen.storyboard in Resources */,
				B398EDD32562C76500903E78 /* GoogleService-Info.plist in Resources */,
				B398ED5A256062DD00903E78 /* Assets.xcassets in Resources */,
				B398ED58256062DC00903E78 /* Main.storyboard in Resources */,
			);
			runOnlyForDeploymentPostprocessing = 0;
		};
/* End PBXResourcesBuildPhase section */

/* Begin PBXShellScriptBuildPhase section */
		64D57B73EFC6370C2642E9E2 /* [CP] Embed Pods Frameworks */ = {
			isa = PBXShellScriptBuildPhase;
			buildActionMask = 2147483647;
			files = (
			);
			inputFileListPaths = (
				"${PODS_ROOT}/Target Support Files/Pods-Messenger/Pods-Messenger-frameworks-${CONFIGURATION}-input-files.xcfilelist",
			);
			name = "[CP] Embed Pods Frameworks";
			outputFileListPaths = (
				"${PODS_ROOT}/Target Support Files/Pods-Messenger/Pods-Messenger-frameworks-${CONFIGURATION}-output-files.xcfilelist",
			);
			runOnlyForDeploymentPostprocessing = 0;
			shellPath = /bin/sh;
			shellScript = "\"${PODS_ROOT}/Target Support Files/Pods-Messenger/Pods-Messenger-frameworks.sh\"\n";
			showEnvVarsInLog = 0;
		};
		C1A409EA8F049CB7E2AC386A /* [CP] Check Pods Manifest.lock */ = {
			isa = PBXShellScriptBuildPhase;
			buildActionMask = 2147483647;
			files = (
			);
			inputFileListPaths = (
			);
			inputPaths = (
				"${PODS_PODFILE_DIR_PATH}/Podfile.lock",
				"${PODS_ROOT}/Manifest.lock",
			);
			name = "[CP] Check Pods Manifest.lock";
			outputFileListPaths = (
			);
			outputPaths = (
				"$(DERIVED_FILE_DIR)/Pods-Messenger-checkManifestLockResult.txt",
			);
			runOnlyForDeploymentPostprocessing = 0;
			shellPath = /bin/sh;
			shellScript = "diff \"${PODS_PODFILE_DIR_PATH}/Podfile.lock\" \"${PODS_ROOT}/Manifest.lock\" > /dev/null\nif [ $? != 0 ] ; then\n    # print error to STDERR\n    echo \"error: The sandbox is not in sync with the Podfile.lock. Run 'pod install' or update your CocoaPods installation.\" >&2\n    exit 1\nfi\n# This output is used by Xcode 'outputs' to avoid re-running this script phase.\necho \"SUCCESS\" > \"${SCRIPT_OUTPUT_FILE_0}\"\n";
			showEnvVarsInLog = 0;
		};
		F6EFDC5055AA3C001231EC55 /* [CP] Copy Pods Resources */ = {
			isa = PBXShellScriptBuildPhase;
			buildActionMask = 2147483647;
			files = (
			);
			inputFileListPaths = (
				"${PODS_ROOT}/Target Support Files/Pods-Messenger/Pods-Messenger-resources-${CONFIGURATION}-input-files.xcfilelist",
			);
			name = "[CP] Copy Pods Resources";
			outputFileListPaths = (
				"${PODS_ROOT}/Target Support Files/Pods-Messenger/Pods-Messenger-resources-${CONFIGURATION}-output-files.xcfilelist",
			);
			runOnlyForDeploymentPostprocessing = 0;
			shellPath = /bin/sh;
			shellScript = "\"${PODS_ROOT}/Target Support Files/Pods-Messenger/Pods-Messenger-resources.sh\"\n";
			showEnvVarsInLog = 0;
		};
/* End PBXShellScriptBuildPhase section */

/* Begin PBXSourcesBuildPhase section */
		B398ED49256062DC00903E78 /* Sources */ = {
			isa = PBXSourcesBuildPhase;
			buildActionMask = 2147483647;
			files = (
				B398ED8D2560687F00903E78 /* LoginViewController.swift in Sources */,
				B35DA8782564547400AE0DF7 /* DatabaseManager.swift in Sources */,
				B398ED9C256068F700903E78 /* VideoPlayerViewController.swift in Sources */,
				B398EDA42560697900903E78 /* NewConversationViewController.swift in Sources */,
				B398ED92256068AC00903E78 /* RegisterViewController.swift in Sources */,
				B398ED55256062DC00903E78 /* ConversationsViewController.swift in Sources */,
				B398EDB225626C9700903E78 /* Extensions.swift in Sources */,
				B398ED51256062DC00903E78 /* AppDelegate.swift in Sources */,
				B398EDA92560699800903E78 /* ProfileViewController.swift in Sources */,
				B398ED53256062DC00903E78 /* SceneDelegate.swift in Sources */,
				B3769F032599E261009D779E /* ConversationTableViewCell.swift in Sources */,
				B379A5C1257B84620072C562 /* ChatViewController.swift in Sources */,
				B398ED97256068E600903E78 /* PhotoViewerViewController.swift in Sources */,
				B379A5E3257BCA440072C562 /* StorageManager.swift in Sources */,
			);
			runOnlyForDeploymentPostprocessing = 0;
		};
/* End PBXSourcesBuildPhase section */

/* Begin PBXVariantGroup section */
		B398ED56256062DC00903E78 /* Main.storyboard */ = {
			isa = PBXVariantGroup;
			children = (
				B398ED57256062DC00903E78 /* Base */,
			);
			name = Main.storyboard;
			sourceTree = "<group>";
		};
		B398ED5B256062DD00903E78 /* LaunchScreen.storyboard */ = {
			isa = PBXVariantGroup;
			children = (
				B398ED5C256062DD00903E78 /* Base */,
			);
			name = LaunchScreen.storyboard;
			sourceTree = "<group>";
		};
/* End PBXVariantGroup section */

/* Begin XCBuildConfiguration section */
		B398ED75256062DD00903E78 /* Debug */ = {
			isa = XCBuildConfiguration;
			buildSettings = {
				ALWAYS_SEARCH_USER_PATHS = NO;
				CLANG_ANALYZER_NONNULL = YES;
				CLANG_ANALYZER_NUMBER_OBJECT_CONVERSION = YES_AGGRESSIVE;
				CLANG_CXX_LANGUAGE_STANDARD = "gnu++14";
				CLANG_CXX_LIBRARY = "libc++";
				CLANG_ENABLE_MODULES = YES;
				CLANG_ENABLE_OBJC_ARC = YES;
				CLANG_ENABLE_OBJC_WEAK = YES;
				CLANG_WARN_BLOCK_CAPTURE_AUTORELEASING = YES;
				CLANG_WARN_BOOL_CONVERSION = YES;
				CLANG_WARN_COMMA = YES;
				CLANG_WARN_CONSTANT_CONVERSION = YES;
				CLANG_WARN_DEPRECATED_OBJC_IMPLEMENTATIONS = YES;
				CLANG_WARN_DIRECT_OBJC_ISA_USAGE = YES_ERROR;
				CLANG_WARN_DOCUMENTATION_COMMENTS = YES;
				CLANG_WARN_EMPTY_BODY = YES;
				CLANG_WARN_ENUM_CONVERSION = YES;
				CLANG_WARN_INFINITE_RECURSION = YES;
				CLANG_WARN_INT_CONVERSION = YES;
				CLANG_WARN_NON_LITERAL_NULL_CONVERSION = YES;
				CLANG_WARN_OBJC_IMPLICIT_RETAIN_SELF = YES;
				CLANG_WARN_OBJC_LITERAL_CONVERSION = YES;
				CLANG_WARN_OBJC_ROOT_CLASS = YES_ERROR;
				CLANG_WARN_QUOTED_INCLUDE_IN_FRAMEWORK_HEADER = YES;
				CLANG_WARN_RANGE_LOOP_ANALYSIS = YES;
				CLANG_WARN_STRICT_PROTOTYPES = YES;
				CLANG_WARN_SUSPICIOUS_MOVE = YES;
				CLANG_WARN_UNGUARDED_AVAILABILITY = YES_AGGRESSIVE;
				CLANG_WARN_UNREACHABLE_CODE = YES;
				CLANG_WARN__DUPLICATE_METHOD_MATCH = YES;
				COPY_PHASE_STRIP = NO;
				DEBUG_INFORMATION_FORMAT = dwarf;
				ENABLE_STRICT_OBJC_MSGSEND = YES;
				ENABLE_TESTABILITY = YES;
				GCC_C_LANGUAGE_STANDARD = gnu11;
				GCC_DYNAMIC_NO_PIC = NO;
				GCC_NO_COMMON_BLOCKS = YES;
				GCC_OPTIMIZATION_LEVEL = 0;
				GCC_PREPROCESSOR_DEFINITIONS = (
					"DEBUG=1",
					"$(inherited)",
				);
				GCC_WARN_64_TO_32_BIT_CONVERSION = YES;
				GCC_WARN_ABOUT_RETURN_TYPE = YES_ERROR;
				GCC_WARN_UNDECLARED_SELECTOR = YES;
				GCC_WARN_UNINITIALIZED_AUTOS = YES_AGGRESSIVE;
				GCC_WARN_UNUSED_FUNCTION = YES;
				GCC_WARN_UNUSED_VARIABLE = YES;
				IPHONEOS_DEPLOYMENT_TARGET = 14.2;
				MTL_ENABLE_DEBUG_INFO = INCLUDE_SOURCE;
				MTL_FAST_MATH = YES;
				ONLY_ACTIVE_ARCH = YES;
				SDKROOT = iphoneos;
				SWIFT_ACTIVE_COMPILATION_CONDITIONS = DEBUG;
				SWIFT_OPTIMIZATION_LEVEL = "-Onone";
			};
			name = Debug;
		};
		B398ED76256062DD00903E78 /* Release */ = {
			isa = XCBuildConfiguration;
			buildSettings = {
				ALWAYS_SEARCH_USER_PATHS = NO;
				CLANG_ANALYZER_NONNULL = YES;
				CLANG_ANALYZER_NUMBER_OBJECT_CONVERSION = YES_AGGRESSIVE;
				CLANG_CXX_LANGUAGE_STANDARD = "gnu++14";
				CLANG_CXX_LIBRARY = "libc++";
				CLANG_ENABLE_MODULES = YES;
				CLANG_ENABLE_OBJC_ARC = YES;
				CLANG_ENABLE_OBJC_WEAK = YES;
				CLANG_WARN_BLOCK_CAPTURE_AUTORELEASING = YES;
				CLANG_WARN_BOOL_CONVERSION = YES;
				CLANG_WARN_COMMA = YES;
				CLANG_WARN_CONSTANT_CONVERSION = YES;
				CLANG_WARN_DEPRECATED_OBJC_IMPLEMENTATIONS = YES;
				CLANG_WARN_DIRECT_OBJC_ISA_USAGE = YES_ERROR;
				CLANG_WARN_DOCUMENTATION_COMMENTS = YES;
				CLANG_WARN_EMPTY_BODY = YES;
				CLANG_WARN_ENUM_CONVERSION = YES;
				CLANG_WARN_INFINITE_RECURSION = YES;
				CLANG_WARN_INT_CONVERSION = YES;
				CLANG_WARN_NON_LITERAL_NULL_CONVERSION = YES;
				CLANG_WARN_OBJC_IMPLICIT_RETAIN_SELF = YES;
				CLANG_WARN_OBJC_LITERAL_CONVERSION = YES;
				CLANG_WARN_OBJC_ROOT_CLASS = YES_ERROR;
				CLANG_WARN_QUOTED_INCLUDE_IN_FRAMEWORK_HEADER = YES;
				CLANG_WARN_RANGE_LOOP_ANALYSIS = YES;
				CLANG_WARN_STRICT_PROTOTYPES = YES;
				CLANG_WARN_SUSPICIOUS_MOVE = YES;
				CLANG_WARN_UNGUARDED_AVAILABILITY = YES_AGGRESSIVE;
				CLANG_WARN_UNREACHABLE_CODE = YES;
				CLANG_WARN__DUPLICATE_METHOD_MATCH = YES;
				COPY_PHASE_STRIP = NO;
				DEBUG_INFORMATION_FORMAT = "dwarf-with-dsym";
				ENABLE_NS_ASSERTIONS = NO;
				ENABLE_STRICT_OBJC_MSGSEND = YES;
				GCC_C_LANGUAGE_STANDARD = gnu11;
				GCC_NO_COMMON_BLOCKS = YES;
				GCC_WARN_64_TO_32_BIT_CONVERSION = YES;
				GCC_WARN_ABOUT_RETURN_TYPE = YES_ERROR;
				GCC_WARN_UNDECLARED_SELECTOR = YES;
				GCC_WARN_UNINITIALIZED_AUTOS = YES_AGGRESSIVE;
				GCC_WARN_UNUSED_FUNCTION = YES;
				GCC_WARN_UNUSED_VARIABLE = YES;
				IPHONEOS_DEPLOYMENT_TARGET = 14.2;
				MTL_ENABLE_DEBUG_INFO = NO;
				MTL_FAST_MATH = YES;
				SDKROOT = iphoneos;
				SWIFT_COMPILATION_MODE = wholemodule;
				SWIFT_OPTIMIZATION_LEVEL = "-O";
				VALIDATE_PRODUCT = YES;
			};
			name = Release;
		};
		B398ED78256062DD00903E78 /* Debug */ = {
			isa = XCBuildConfiguration;
			baseConfigurationReference = CB0E87E2F5C3533C05D3FD3D /* Pods-Messenger.debug.xcconfig */;
			buildSettings = {
				ASSETCATALOG_COMPILER_APPICON_NAME = AppIcon;
				ASSETCATALOG_COMPILER_GLOBAL_ACCENT_COLOR_NAME = AccentColor;
				CODE_SIGN_STYLE = Automatic;
				DEVELOPMENT_TEAM = N3386UZ246;
				INFOPLIST_FILE = Messenger/Info.plist;
				LD_RUNPATH_SEARCH_PATHS = (
					"$(inherited)",
					"@executable_path/Frameworks",
				);
				PRODUCT_BUNDLE_IDENTIFIER = com.cristinabolohan.Messenger;
				PRODUCT_NAME = "$(TARGET_NAME)";
				SWIFT_VERSION = 5.0;
				TARGETED_DEVICE_FAMILY = "1,2";
			};
			name = Debug;
		};
		B398ED79256062DD00903E78 /* Release */ = {
			isa = XCBuildConfiguration;
			baseConfigurationReference = D58D1D4187E0B53356AECCFC /* Pods-Messenger.release.xcconfig */;
			buildSettings = {
				ASSETCATALOG_COMPILER_APPICON_NAME = AppIcon;
				ASSETCATALOG_COMPILER_GLOBAL_ACCENT_COLOR_NAME = AccentColor;
				CODE_SIGN_STYLE = Automatic;
				DEVELOPMENT_TEAM = N3386UZ246;
				INFOPLIST_FILE = Messenger/Info.plist;
				LD_RUNPATH_SEARCH_PATHS = (
					"$(inherited)",
					"@executable_path/Frameworks",
				);
				PRODUCT_BUNDLE_IDENTIFIER = com.cristinabolohan.Messenger;
				PRODUCT_NAME = "$(TARGET_NAME)";
				SWIFT_VERSION = 5.0;
				TARGETED_DEVICE_FAMILY = "1,2";
			};
			name = Release;
		};
/* End XCBuildConfiguration section */

/* Begin XCConfigurationList section */
		B398ED48256062DC00903E78 /* Build configuration list for PBXProject "Messenger" */ = {
			isa = XCConfigurationList;
			buildConfigurations = (
				B398ED75256062DD00903E78 /* Debug */,
				B398ED76256062DD00903E78 /* Release */,
			);
			defaultConfigurationIsVisible = 0;
			defaultConfigurationName = Release;
		};
		B398ED77256062DD00903E78 /* Build configuration list for PBXNativeTarget "Messenger" */ = {
			isa = XCConfigurationList;
			buildConfigurations = (
				B398ED78256062DD00903E78 /* Debug */,
				B398ED79256062DD00903E78 /* Release */,
			);
			defaultConfigurationIsVisible = 0;
			defaultConfigurationName = Release;
		};
/* End XCConfigurationList section */
	};
	rootObject = B398ED45256062DC00903E78 /* Project object */;
}
